
Microsoft Visual Studio Solution File, Format Version 12.00
# Visual Studio Version 17
Project("{8BC9CEB8-8B4A-11D0-8D11-00A0C91BC942}") = "ALL_BUILD", "ALL_BUILD.vcxproj", "{42E2234F-230F-3A54-B90A-14F4AC103B08}"
	ProjectSection(ProjectDependencies) = postProject
		{C909DDAF-701B-340F-997D-43BEB734E23A} = {C909DDAF-701B-340F-997D-43BEB734E23A}
		{B1129B30-9573-3D62-BE19-75B37F1F3AC9} = {B1129B30-9573-3D62-BE19-75B37F1F3AC9}
	EndProjectSection
EndProject
Project("{8BC9CEB8-8B4A-11D0-8D11-00A0C91BC942}") = "INSTALL", "INSTALL.vcxproj", "{BD2898BA-E25A-3AD5-B44E-866BE4D23F0C}"
	ProjectSection(ProjectDependencies) = postProject
		{42E2234F-230F-3A54-B90A-14F4AC103B08} = {42E2234F-230F-3A54-B90A-14F4AC103B08}
		{C909DDAF-701B-340F-997D-43BEB734E23A} = {C909DDAF-701B-340F-997D-43BEB734E23A}
	EndProjectSection
EndProject
Project("{8BC9CEB8-8B4A-11D0-8D11-00A0C91BC942}") = "ZERO_CHECK", "ZERO_CHECK.vcxproj", "{C909DDAF-701B-340F-997D-43BEB734E23A}"
	ProjectSection(ProjectDependencies) = postProject
	EndProjectSection
EndProject
Project("{8BC9CEB8-8B4A-11D0-8D11-00A0C91BC942}") = "cimgui", "cimgui.vcxproj", "{B1129B30-9573-3D62-BE19-75B37F1F3AC9}"
	ProjectSection(ProjectDependencies) = postProject
		{C909DDAF-701B-340F-997D-43BEB734E23A} = {C909DDAF-701B-340F-997D-43BEB734E23A}
	EndProjectSection
EndProject
Global
	GlobalSection(SolutionConfigurationPlatforms) = preSolution
		Debug|x64 = Debug|x64
		Release|x64 = Release|x64
		MinSizeRel|x64 = MinSizeRel|x64
		RelWithDebInfo|x64 = RelWithDebInfo|x64
	EndGlobalSection
	GlobalSection(ProjectConfigurationPlatforms) = postSolution
		{42E2234F-230F-3A54-B90A-14F4AC103B08}.Debug|x64.ActiveCfg = Debug|x64
		{42E2234F-230F-3A54-B90A-14F4AC103B08}.Debug|x64.Build.0 = Debug|x64
		{42E2234F-230F-3A54-B90A-14F4AC103B08}.Release|x64.ActiveCfg = Release|x64
		{42E2234F-230F-3A54-B90A-14F4AC103B08}.Release|x64.Build.0 = Release|x64
		{42E2234F-230F-3A54-B90A-14F4AC103B08}.MinSizeRel|x64.ActiveCfg = MinSizeRel|x64
		{42E2234F-230F-3A54-B90A-14F4AC103B08}.MinSizeRel|x64.Build.0 = MinSizeRel|x64
		{42E2234F-230F-3A54-B90A-14F4AC103B08}.RelWithDebInfo|x64.ActiveCfg = RelWithDebInfo|x64
		{42E2234F-230F-3A54-B90A-14F4AC103B08}.RelWithDebInfo|x64.Build.0 = RelWithDebInfo|x64
		{BD2898BA-E25A-3AD5-B44E-866BE4D23F0C}.Debug|x64.ActiveCfg = Debug|x64
		{BD2898BA-E25A-3AD5-B44E-866BE4D23F0C}.Release|x64.ActiveCfg = Release|x64
		{BD2898BA-E25A-3AD5-B44E-866BE4D23F0C}.MinSizeRel|x64.ActiveCfg = MinSizeRel|x64
		{BD2898BA-E25A-3AD5-B44E-866BE4D23F0C}.RelWithDebInfo|x64.ActiveCfg = RelWithDebInfo|x64
		{C909DDAF-701B-340F-997D-43BEB734E23A}.Debug|x64.ActiveCfg = Debug|x64
		{C909DDAF-701B-340F-997D-43BEB734E23A}.Debug|x64.Build.0 = Debug|x64
		{C909DDAF-701B-340F-997D-43BEB734E23A}.Release|x64.ActiveCfg = Release|x64
		{C909DDAF-701B-340F-997D-43BEB734E23A}.Release|x64.Build.0 = Release|x64
		{C909DDAF-701B-340F-997D-43BEB734E23A}.MinSizeRel|x64.ActiveCfg = MinSizeRel|x64
		{C909DDAF-701B-340F-997D-43BEB734E23A}.MinSizeRel|x64.Build.0 = MinSizeRel|x64
		{C909DDAF-701B-340F-997D-43BEB734E23A}.RelWithDebInfo|x64.ActiveCfg = RelWithDebInfo|x64
		{C909DDAF-701B-340F-997D-43BEB734E23A}.RelWithDebInfo|x64.Build.0 = RelWithDebInfo|x64
		{B1129B30-9573-3D62-BE19-75B37F1F3AC9}.Debug|x64.ActiveCfg = Debug|x64
		{B1129B30-9573-3D62-BE19-75B37F1F3AC9}.Debug|x64.Build.0 = Debug|x64
		{B1129B30-9573-3D62-BE19-75B37F1F3AC9}.Release|x64.ActiveCfg = Release|x64
		{B1129B30-9573-3D62-BE19-75B37F1F3AC9}.Release|x64.Build.0 = Release|x64
		{B1129B30-9573-3D62-BE19-75B37F1F3AC9}.MinSizeRel|x64.ActiveCfg = MinSizeRel|x64
		{B1129B30-9573-3D62-BE19-75B37F1F3AC9}.MinSizeRel|x64.Build.0 = MinSizeRel|x64
		{B1129B30-9573-3D62-BE19-75B37F1F3AC9}.RelWithDebInfo|x64.ActiveCfg = RelWithDebInfo|x64
		{B1129B30-9573-3D62-BE19-75B37F1F3AC9}.RelWithDebInfo|x64.Build.0 = RelWithDebInfo|x64
	EndGlobalSection
	GlobalSection(ExtensibilityGlobals) = postSolution
		SolutionGuid = {C99B59D1-EC53-302A-8A5A-1C93FDFDEAA9}
	EndGlobalSection
	GlobalSection(ExtensibilityAddIns) = postSolution
	EndGlobalSection
EndGlobal
